# This file is autogenerated, do not edit; changes may be undone by the next 'dep ensure'.


[[projects]]
  digest = "1:ecd9aa82687cf31d1585d4ac61d0ba180e42e8a6182b85bd785fcca8dfeefc1b"
  name = "github.com/joho/godotenv"
  packages = ["."]
  pruneopts = "UT"
  revision = "23d116af351c84513e1946b527c88823e476be13"
  version = "v1.3.0"

[[projects]]
  digest = "1:fc8b9119ac036faaab206f517421116d5cf2eaf35d213f6b5d8e2c74dba6f76c"
  name = "github.com/line/line-bot-sdk-go"
  packages = ["linebot"]
  pruneopts = "UT"
  revision = "d787aef1744dc11dbde0fac149e6fbbdbe29d3d6"
  version = "v4.0.0"

[[projects]]
  branch = "master"
  digest = "1:3b8524c785074576b2377a2f46af19553f275f9e29d099c75f82e6ef4a48fed3"
  name = "github.com/poccariswet/bot"
  packages = ["auth"]
  pruneopts = "UT"
  revision = "b4ee5420d716447c0c7a9fb26540204d4e090c83"

[solve-meta]
  analyzer-name = "dep"
  analyzer-version = 1
  input-imports = [
    "github.com/joho/godotenv",
    "github.com/line/line-bot-sdk-go/linebot",
    "github.com/poccariswet/bot/auth",
  ]
  solver-name = "gps-cdcl"
  solver-version = 1
